// !$*UTF8*$!
{
	archiveVersion = 1;
	classes = {
	};
	objectVersion = 56;
	objects = {

/* Begin PBXBuildFile section */
		3D5657A92A6425F900ED1192 /* ProjectAlphaApp.swift in Sources */ = {isa = PBXBuildFile; fileRef = 3D5657A82A6425F900ED1192 /* ProjectAlphaApp.swift */; };
		3D5657AB2A6425F900ED1192 /* MainView.swift in Sources */ = {isa = PBXBuildFile; fileRef = 3D5657AA2A6425F900ED1192 /* MainView.swift */; };
		3D5657AD2A6425FA00ED1192 /* Assets.xcassets in Resources */ = {isa = PBXBuildFile; fileRef = 3D5657AC2A6425FA00ED1192 /* Assets.xcassets */; };
		3D5657B02A6425FA00ED1192 /* Preview Assets.xcassets in Resources */ = {isa = PBXBuildFile; fileRef = 3D5657AF2A6425FA00ED1192 /* Preview Assets.xcassets */; };
		3D8355612A64AE8200F78ADD /* SettingsView.swift in Sources */ = {isa = PBXBuildFile; fileRef = 3D8355602A64AE8200F78ADD /* SettingsView.swift */; };
		3D8355652A65EB4400F78ADD /* DocumentScannerView.swift in Sources */ = {isa = PBXBuildFile; fileRef = 3D8355642A65EB4400F78ADD /* DocumentScannerView.swift */; };
		3DA71E9E2A66D9E700D9EEC4 /* WidgetKit.framework in Frameworks */ = {isa = PBXBuildFile; fileRef = 3DA71E532A66B74500D9EEC4 /* WidgetKit.framework */; };
		3DA71E9F2A66D9E700D9EEC4 /* SwiftUI.framework in Frameworks */ = {isa = PBXBuildFile; fileRef = 3DA71E552A66B74500D9EEC4 /* SwiftUI.framework */; };
		3DA71EA22A66D9E700D9EEC4 /* LockScreenWidgetBundle.swift in Sources */ = {isa = PBXBuildFile; fileRef = 3DA71EA12A66D9E700D9EEC4 /* LockScreenWidgetBundle.swift */; };
		3DA71EA42A66D9E700D9EEC4 /* LockScreenWidget.swift in Sources */ = {isa = PBXBuildFile; fileRef = 3DA71EA32A66D9E700D9EEC4 /* LockScreenWidget.swift */; };
		3DA71EA62A66D9E900D9EEC4 /* Assets.xcassets in Resources */ = {isa = PBXBuildFile; fileRef = 3DA71EA52A66D9E900D9EEC4 /* Assets.xcassets */; };
		3DA71EAA2A66D9E900D9EEC4 /* LockScreenWidgetExtension.appex in Embed Foundation Extensions */ = {isa = PBXBuildFile; fileRef = 3DA71E9D2A66D9E700D9EEC4 /* LockScreenWidgetExtension.appex */; settings = {ATTRIBUTES = (RemoveHeadersOnCopy, ); }; };
		43D79D062A7EE98400C5AA9A /* TextRecogniser.swift in Sources */ = {isa = PBXBuildFile; fileRef = 43D79D052A7EE98400C5AA9A /* TextRecogniser.swift */; };
		43D79D082A7EEF7000C5AA9A /* ScanData.swift in Sources */ = {isa = PBXBuildFile; fileRef = 43D79D072A7EEF7000C5AA9A /* ScanData.swift */; };
/* End PBXBuildFile section */

/* Begin PBXContainerItemProxy section */
		3DA71EA82A66D9E900D9EEC4 /* PBXContainerItemProxy */ = {
			isa = PBXContainerItemProxy;
			containerPortal = 3D56579D2A6425F900ED1192 /* Project object */;
			proxyType = 1;
			remoteGlobalIDString = 3DA71E9C2A66D9E700D9EEC4;
			remoteInfo = LockScreenWidgetExtension;
		};
/* End PBXContainerItemProxy section */

/* Begin PBXCopyFilesBuildPhase section */
		3DA71E672A66B74700D9EEC4 /* Embed Foundation Extensions */ = {
			isa = PBXCopyFilesBuildPhase;
			buildActionMask = 2147483647;
			dstPath = "";
			dstSubfolderSpec = 13;
			files = (
				3DA71EAA2A66D9E900D9EEC4 /* LockScreenWidgetExtension.appex in Embed Foundation Extensions */,
			);
			name = "Embed Foundation Extensions";
			runOnlyForDeploymentPostprocessing = 0;
		};
/* End PBXCopyFilesBuildPhase section */

/* Begin PBXFileReference section */
		3D0CC7212A67208E0083CDC3 /* ProjectAlpha.entitlements */ = {isa = PBXFileReference; lastKnownFileType = text.plist.entitlements; path = ProjectAlpha.entitlements; sourceTree = "<group>"; };
		3D0CC7222A6720AA0083CDC3 /* LockScreenWidgetExtension.entitlements */ = {isa = PBXFileReference; lastKnownFileType = text.plist.entitlements; path = LockScreenWidgetExtension.entitlements; sourceTree = "<group>"; };
		3D0CC7232A67289C0083CDC3 /* Info.plist */ = {isa = PBXFileReference; lastKnownFileType = text.plist; path = Info.plist; sourceTree = "<group>"; };
		3D5657A52A6425F900ED1192 /* ProjectAlpha.app */ = {isa = PBXFileReference; explicitFileType = wrapper.application; includeInIndex = 0; path = ProjectAlpha.app; sourceTree = BUILT_PRODUCTS_DIR; };
		3D5657A82A6425F900ED1192 /* ProjectAlphaApp.swift */ = {isa = PBXFileReference; lastKnownFileType = sourcecode.swift; path = ProjectAlphaApp.swift; sourceTree = "<group>"; };
		3D5657AA2A6425F900ED1192 /* MainView.swift */ = {isa = PBXFileReference; lastKnownFileType = sourcecode.swift; path = MainView.swift; sourceTree = "<group>"; };
		3D5657AC2A6425FA00ED1192 /* Assets.xcassets */ = {isa = PBXFileReference; lastKnownFileType = folder.assetcatalog; path = Assets.xcassets; sourceTree = "<group>"; };
		3D5657AF2A6425FA00ED1192 /* Preview Assets.xcassets */ = {isa = PBXFileReference; lastKnownFileType = folder.assetcatalog; path = "Preview Assets.xcassets"; sourceTree = "<group>"; };
		3D8355602A64AE8200F78ADD /* SettingsView.swift */ = {isa = PBXFileReference; lastKnownFileType = sourcecode.swift; path = SettingsView.swift; sourceTree = "<group>"; };
		3D8355642A65EB4400F78ADD /* DocumentScannerView.swift */ = {isa = PBXFileReference; lastKnownFileType = sourcecode.swift; path = DocumentScannerView.swift; sourceTree = "<group>"; };
		3DA71E532A66B74500D9EEC4 /* WidgetKit.framework */ = {isa = PBXFileReference; lastKnownFileType = wrapper.framework; name = WidgetKit.framework; path = System/Library/Frameworks/WidgetKit.framework; sourceTree = SDKROOT; };
		3DA71E552A66B74500D9EEC4 /* SwiftUI.framework */ = {isa = PBXFileReference; lastKnownFileType = wrapper.framework; name = SwiftUI.framework; path = System/Library/Frameworks/SwiftUI.framework; sourceTree = SDKROOT; };
		3DA71E9D2A66D9E700D9EEC4 /* LockScreenWidgetExtension.appex */ = {isa = PBXFileReference; explicitFileType = "wrapper.app-extension"; includeInIndex = 0; path = LockScreenWidgetExtension.appex; sourceTree = BUILT_PRODUCTS_DIR; };
		3DA71EA12A66D9E700D9EEC4 /* LockScreenWidgetBundle.swift */ = {isa = PBXFileReference; lastKnownFileType = sourcecode.swift; path = LockScreenWidgetBundle.swift; sourceTree = "<group>"; };
		3DA71EA32A66D9E700D9EEC4 /* LockScreenWidget.swift */ = {isa = PBXFileReference; lastKnownFileType = sourcecode.swift; path = LockScreenWidget.swift; sourceTree = "<group>"; };
		3DA71EA52A66D9E900D9EEC4 /* Assets.xcassets */ = {isa = PBXFileReference; lastKnownFileType = folder.assetcatalog; path = Assets.xcassets; sourceTree = "<group>"; };
		3DA71EA72A66D9E900D9EEC4 /* Info.plist */ = {isa = PBXFileReference; lastKnownFileType = text.plist.xml; path = Info.plist; sourceTree = "<group>"; };
		43D79D052A7EE98400C5AA9A /* TextRecogniser.swift */ = {isa = PBXFileReference; lastKnownFileType = sourcecode.swift; name = TextRecogniser.swift; path = ProjectAlpha/TextRecognition/TextRecogniser.swift; sourceTree = SOURCE_ROOT; };
		43D79D072A7EEF7000C5AA9A /* ScanData.swift */ = {isa = PBXFileReference; lastKnownFileType = sourcecode.swift; path = ScanData.swift; sourceTree = "<group>"; };
/* End PBXFileReference section */

/* Begin PBXFrameworksBuildPhase section */
		3D5657A22A6425F900ED1192 /* Frameworks */ = {
			isa = PBXFrameworksBuildPhase;
			buildActionMask = 2147483647;
			files = (
			);
			runOnlyForDeploymentPostprocessing = 0;
		};
		3DA71E9A2A66D9E700D9EEC4 /* Frameworks */ = {
			isa = PBXFrameworksBuildPhase;
			buildActionMask = 2147483647;
			files = (
				3DA71E9F2A66D9E700D9EEC4 /* SwiftUI.framework in Frameworks */,
				3DA71E9E2A66D9E700D9EEC4 /* WidgetKit.framework in Frameworks */,
			);
			runOnlyForDeploymentPostprocessing = 0;
		};
/* End PBXFrameworksBuildPhase section */

/* Begin PBXGroup section */
		3D56579C2A6425F900ED1192 = {
			isa = PBXGroup;
			children = (
				3D0CC7222A6720AA0083CDC3 /* LockScreenWidgetExtension.entitlements */,
				3D5657A72A6425F900ED1192 /* ProjectAlpha */,
				3DA71EA02A66D9E700D9EEC4 /* LockScreenWidget */,
				3DA71E522A66B74500D9EEC4 /* Frameworks */,
				3D5657A62A6425F900ED1192 /* Products */,
			);
			sourceTree = "<group>";
		};
		3D5657A62A6425F900ED1192 /* Products */ = {
			isa = PBXGroup;
			children = (
				3D5657A52A6425F900ED1192 /* ProjectAlpha.app */,
				3DA71E9D2A66D9E700D9EEC4 /* LockScreenWidgetExtension.appex */,
			);
			name = Products;
			sourceTree = "<group>";
		};
		3D5657A72A6425F900ED1192 /* ProjectAlpha */ = {
			isa = PBXGroup;
			children = (
				43D79D0A2A7FBF6800C5AA9A /* TextRecognition */,
				3D0CC7232A67289C0083CDC3 /* Info.plist */,
				3D0CC7212A67208E0083CDC3 /* ProjectAlpha.entitlements */,
				3D83555F2A64AA3800F78ADD /* Other */,
				3D83555E2A64AA2E00F78ADD /* Views */,
				3D5657AE2A6425FA00ED1192 /* Preview Content */,
			);
			path = ProjectAlpha;
			sourceTree = "<group>";
		};
		3D5657AE2A6425FA00ED1192 /* Preview Content */ = {
			isa = PBXGroup;
			children = (
				3D5657AF2A6425FA00ED1192 /* Preview Assets.xcassets */,
			);
			path = "Preview Content";
			sourceTree = "<group>";
		};
		3D83555E2A64AA2E00F78ADD /* Views */ = {
			isa = PBXGroup;
			children = (
				3D5657AA2A6425F900ED1192 /* MainView.swift */,
				3D8355642A65EB4400F78ADD /* DocumentScannerView.swift */,
				3D8355602A64AE8200F78ADD /* SettingsView.swift */,
			);
			path = Views;
			sourceTree = "<group>";
		};
		3D83555F2A64AA3800F78ADD /* Other */ = {
			isa = PBXGroup;
			children = (
				3D5657A82A6425F900ED1192 /* ProjectAlphaApp.swift */,
				3D5657AC2A6425FA00ED1192 /* Assets.xcassets */,
			);
			path = Other;
			sourceTree = "<group>";
		};
		3DA71E522A66B74500D9EEC4 /* Frameworks */ = {
			isa = PBXGroup;
			children = (
				3DA71E532A66B74500D9EEC4 /* WidgetKit.framework */,
				3DA71E552A66B74500D9EEC4 /* SwiftUI.framework */,
			);
			name = Frameworks;
			sourceTree = "<group>";
		};
		3DA71EA02A66D9E700D9EEC4 /* LockScreenWidget */ = {
			isa = PBXGroup;
			children = (
				3DA71EA12A66D9E700D9EEC4 /* LockScreenWidgetBundle.swift */,
				3DA71EA32A66D9E700D9EEC4 /* LockScreenWidget.swift */,
				3DA71EA52A66D9E900D9EEC4 /* Assets.xcassets */,
				3DA71EA72A66D9E900D9EEC4 /* Info.plist */,
			);
			path = LockScreenWidget;
			sourceTree = "<group>";
		};
		43D79D0A2A7FBF6800C5AA9A /* TextRecognition */ = {
			isa = PBXGroup;
			children = (
				43D79D072A7EEF7000C5AA9A /* ScanData.swift */,
				43D79D052A7EE98400C5AA9A /* TextRecogniser.swift */,
			);
			path = TextRecognition;
			sourceTree = "<group>";
		};
/* End PBXGroup section */

/* Begin PBXNativeTarget section */
		3D5657A42A6425F900ED1192 /* ProjectAlpha */ = {
			isa = PBXNativeTarget;
			buildConfigurationList = 3D5657B32A6425FA00ED1192 /* Build configuration list for PBXNativeTarget "ProjectAlpha" */;
			buildPhases = (
				3D5657A12A6425F900ED1192 /* Sources */,
				3D5657A22A6425F900ED1192 /* Frameworks */,
				3D5657A32A6425F900ED1192 /* Resources */,
				3DA71E672A66B74700D9EEC4 /* Embed Foundation Extensions */,
			);
			buildRules = (
			);
			dependencies = (
				3DA71EA92A66D9E900D9EEC4 /* PBXTargetDependency */,
			);
			name = ProjectAlpha;
			productName = ReceiptAlpha;
			productReference = 3D5657A52A6425F900ED1192 /* ProjectAlpha.app */;
			productType = "com.apple.product-type.application";
		};
		3DA71E9C2A66D9E700D9EEC4 /* LockScreenWidgetExtension */ = {
			isa = PBXNativeTarget;
			buildConfigurationList = 3DA71EAB2A66D9E900D9EEC4 /* Build configuration list for PBXNativeTarget "LockScreenWidgetExtension" */;
			buildPhases = (
				3DA71E992A66D9E700D9EEC4 /* Sources */,
				3DA71E9A2A66D9E700D9EEC4 /* Frameworks */,
				3DA71E9B2A66D9E700D9EEC4 /* Resources */,
			);
			buildRules = (
			);
			dependencies = (
			);
			name = LockScreenWidgetExtension;
			productName = LockScreenWidgetExtension;
			productReference = 3DA71E9D2A66D9E700D9EEC4 /* LockScreenWidgetExtension.appex */;
			productType = "com.apple.product-type.app-extension";
		};
/* End PBXNativeTarget section */

/* Begin PBXProject section */
		3D56579D2A6425F900ED1192 /* Project object */ = {
			isa = PBXProject;
			attributes = {
				BuildIndependentTargetsInParallel = 1;
				LastSwiftUpdateCheck = 1430;
				LastUpgradeCheck = 1430;
				TargetAttributes = {
					3D5657A42A6425F900ED1192 = {
						CreatedOnToolsVersion = 14.3.1;
					};
					3DA71E9C2A66D9E700D9EEC4 = {
						CreatedOnToolsVersion = 14.3.1;
					};
				};
			};
			buildConfigurationList = 3D5657A02A6425F900ED1192 /* Build configuration list for PBXProject "ProjectAlpha" */;
			compatibilityVersion = "Xcode 14.0";
			developmentRegion = en;
			hasScannedForEncodings = 0;
			knownRegions = (
				en,
				Base,
			);
			mainGroup = 3D56579C2A6425F900ED1192;
			productRefGroup = 3D5657A62A6425F900ED1192 /* Products */;
			projectDirPath = "";
			projectRoot = "";
			targets = (
				3D5657A42A6425F900ED1192 /* ProjectAlpha */,
				3DA71E9C2A66D9E700D9EEC4 /* LockScreenWidgetExtension */,
			);
		};
/* End PBXProject section */

/* Begin PBXResourcesBuildPhase section */
		3D5657A32A6425F900ED1192 /* Resources */ = {
			isa = PBXResourcesBuildPhase;
			buildActionMask = 2147483647;
			files = (
				3D5657B02A6425FA00ED1192 /* Preview Assets.xcassets in Resources */,
				3D5657AD2A6425FA00ED1192 /* Assets.xcassets in Resources */,
			);
			runOnlyForDeploymentPostprocessing = 0;
		};
		3DA71E9B2A66D9E700D9EEC4 /* Resources */ = {
			isa = PBXResourcesBuildPhase;
			buildActionMask = 2147483647;
			files = (
				3DA71EA62A66D9E900D9EEC4 /* Assets.xcassets in Resources */,
			);
			runOnlyForDeploymentPostprocessing = 0;
		};
/* End PBXResourcesBuildPhase section */

/* Begin PBXSourcesBuildPhase section */
		3D5657A12A6425F900ED1192 /* Sources */ = {
			isa = PBXSourcesBuildPhase;
			buildActionMask = 2147483647;
			files = (
				3D8355612A64AE8200F78ADD /* SettingsView.swift in Sources */,
				43D79D062A7EE98400C5AA9A /* TextRecogniser.swift in Sources */,
				43D79D082A7EEF7000C5AA9A /* ScanData.swift in Sources */,
				3D5657AB2A6425F900ED1192 /* MainView.swift in Sources */,
				3D5657A92A6425F900ED1192 /* ProjectAlphaApp.swift in Sources */,
				3D8355652A65EB4400F78ADD /* DocumentScannerView.swift in Sources */,
			);
			runOnlyForDeploymentPostprocessing = 0;
		};
		3DA71E992A66D9E700D9EEC4 /* Sources */ = {
			isa = PBXSourcesBuildPhase;
			buildActionMask = 2147483647;
			files = (
				3DA71EA42A66D9E700D9EEC4 /* LockScreenWidget.swift in Sources */,
				3DA71EA22A66D9E700D9EEC4 /* LockScreenWidgetBundle.swift in Sources */,
			);
			runOnlyForDeploymentPostprocessing = 0;
		};
/* End PBXSourcesBuildPhase section */

/* Begin PBXTargetDependency section */
		3DA71EA92A66D9E900D9EEC4 /* PBXTargetDependency */ = {
			isa = PBXTargetDependency;
			target = 3DA71E9C2A66D9E700D9EEC4 /* LockScreenWidgetExtension */;
			targetProxy = 3DA71EA82A66D9E900D9EEC4 /* PBXContainerItemProxy */;
		};
/* End PBXTargetDependency section */

/* Begin XCBuildConfiguration section */
		3D5657B12A6425FA00ED1192 /* Debug */ = {
			isa = XCBuildConfiguration;
			buildSettings = {
				ALWAYS_SEARCH_USER_PATHS = NO;
				CLANG_ANALYZER_NONNULL = YES;
				CLANG_ANALYZER_NUMBER_OBJECT_CONVERSION = YES_AGGRESSIVE;
				CLANG_CXX_LANGUAGE_STANDARD = "gnu++20";
				CLANG_ENABLE_MODULES = YES;
				CLANG_ENABLE_OBJC_ARC = YES;
				CLANG_ENABLE_OBJC_WEAK = YES;
				CLANG_WARN_BLOCK_CAPTURE_AUTORELEASING = YES;
				CLANG_WARN_BOOL_CONVERSION = YES;
				CLANG_WARN_COMMA = YES;
				CLANG_WARN_CONSTANT_CONVERSION = YES;
				CLANG_WARN_DEPRECATED_OBJC_IMPLEMENTATIONS = YES;
				CLANG_WARN_DIRECT_OBJC_ISA_USAGE = YES_ERROR;
				CLANG_WARN_DOCUMENTATION_COMMENTS = YES;
				CLANG_WARN_EMPTY_BODY = YES;
				CLANG_WARN_ENUM_CONVERSION = YES;
				CLANG_WARN_INFINITE_RECURSION = YES;
				CLANG_WARN_INT_CONVERSION = YES;
				CLANG_WARN_NON_LITERAL_NULL_CONVERSION = YES;
				CLANG_WARN_OBJC_IMPLICIT_RETAIN_SELF = YES;
				CLANG_WARN_OBJC_LITERAL_CONVERSION = YES;
				CLANG_WARN_OBJC_ROOT_CLASS = YES_ERROR;
				CLANG_WARN_QUOTED_INCLUDE_IN_FRAMEWORK_HEADER = YES;
				CLANG_WARN_RANGE_LOOP_ANALYSIS = YES;
				CLANG_WARN_STRICT_PROTOTYPES = YES;
				CLANG_WARN_SUSPICIOUS_MOVE = YES;
				CLANG_WARN_UNGUARDED_AVAILABILITY = YES_AGGRESSIVE;
				CLANG_WARN_UNREACHABLE_CODE = YES;
				CLANG_WARN__DUPLICATE_METHOD_MATCH = YES;
				COPY_PHASE_STRIP = NO;
				DEBUG_INFORMATION_FORMAT = dwarf;
				ENABLE_STRICT_OBJC_MSGSEND = YES;
				ENABLE_TESTABILITY = YES;
				GCC_C_LANGUAGE_STANDARD = gnu11;
				GCC_DYNAMIC_NO_PIC = NO;
				GCC_NO_COMMON_BLOCKS = YES;
				GCC_OPTIMIZATION_LEVEL = 0;
				GCC_PREPROCESSOR_DEFINITIONS = (
					"DEBUG=1",
					"$(inherited)",
				);
				GCC_WARN_64_TO_32_BIT_CONVERSION = YES;
				GCC_WARN_ABOUT_RETURN_TYPE = YES_ERROR;
				GCC_WARN_UNDECLARED_SELECTOR = YES;
				GCC_WARN_UNINITIALIZED_AUTOS = YES_AGGRESSIVE;
				GCC_WARN_UNUSED_FUNCTION = YES;
				GCC_WARN_UNUSED_VARIABLE = YES;
				IPHONEOS_DEPLOYMENT_TARGET = 16.4;
				MTL_ENABLE_DEBUG_INFO = INCLUDE_SOURCE;
				MTL_FAST_MATH = YES;
				ONLY_ACTIVE_ARCH = YES;
				SDKROOT = iphoneos;
				SWIFT_ACTIVE_COMPILATION_CONDITIONS = DEBUG;
				SWIFT_OPTIMIZATION_LEVEL = "-Onone";
			};
			name = Debug;
		};
		3D5657B22A6425FA00ED1192 /* Release */ = {
			isa = XCBuildConfiguration;
			buildSettings = {
				ALWAYS_SEARCH_USER_PATHS = NO;
				CLANG_ANALYZER_NONNULL = YES;
				CLANG_ANALYZER_NUMBER_OBJECT_CONVERSION = YES_AGGRESSIVE;
				CLANG_CXX_LANGUAGE_STANDARD = "gnu++20";
				CLANG_ENABLE_MODULES = YES;
				CLANG_ENABLE_OBJC_ARC = YES;
				CLANG_ENABLE_OBJC_WEAK = YES;
				CLANG_WARN_BLOCK_CAPTURE_AUTORELEASING = YES;
				CLANG_WARN_BOOL_CONVERSION = YES;
				CLANG_WARN_COMMA = YES;
				CLANG_WARN_CONSTANT_CONVERSION = YES;
				CLANG_WARN_DEPRECATED_OBJC_IMPLEMENTATIONS = YES;
				CLANG_WARN_DIRECT_OBJC_ISA_USAGE = YES_ERROR;
				CLANG_WARN_DOCUMENTATION_COMMENTS = YES;
				CLANG_WARN_EMPTY_BODY = YES;
				CLANG_WARN_ENUM_CONVERSION = YES;
				CLANG_WARN_INFINITE_RECURSION = YES;
				CLANG_WARN_INT_CONVERSION = YES;
				CLANG_WARN_NON_LITERAL_NULL_CONVERSION = YES;
				CLANG_WARN_OBJC_IMPLICIT_RETAIN_SELF = YES;
				CLANG_WARN_OBJC_LITERAL_CONVERSION = YES;
				CLANG_WARN_OBJC_ROOT_CLASS = YES_ERROR;
				CLANG_WARN_QUOTED_INCLUDE_IN_FRAMEWORK_HEADER = YES;
				CLANG_WARN_RANGE_LOOP_ANALYSIS = YES;
				CLANG_WARN_STRICT_PROTOTYPES = YES;
				CLANG_WARN_SUSPICIOUS_MOVE = YES;
				CLANG_WARN_UNGUARDED_AVAILABILITY = YES_AGGRESSIVE;
				CLANG_WARN_UNREACHABLE_CODE = YES;
				CLANG_WARN__DUPLICATE_METHOD_MATCH = YES;
				COPY_PHASE_STRIP = NO;
				DEBUG_INFORMATION_FORMAT = "dwarf-with-dsym";
				ENABLE_NS_ASSERTIONS = NO;
				ENABLE_STRICT_OBJC_MSGSEND = YES;
				GCC_C_LANGUAGE_STANDARD = gnu11;
				GCC_NO_COMMON_BLOCKS = YES;
				GCC_WARN_64_TO_32_BIT_CONVERSION = YES;
				GCC_WARN_ABOUT_RETURN_TYPE = YES_ERROR;
				GCC_WARN_UNDECLARED_SELECTOR = YES;
				GCC_WARN_UNINITIALIZED_AUTOS = YES_AGGRESSIVE;
				GCC_WARN_UNUSED_FUNCTION = YES;
				GCC_WARN_UNUSED_VARIABLE = YES;
				IPHONEOS_DEPLOYMENT_TARGET = 16.4;
				MTL_ENABLE_DEBUG_INFO = NO;
				MTL_FAST_MATH = YES;
				SDKROOT = iphoneos;
				SWIFT_COMPILATION_MODE = wholemodule;
				SWIFT_OPTIMIZATION_LEVEL = "-O";
				VALIDATE_PRODUCT = YES;
			};
			name = Release;
		};
		3D5657B42A6425FA00ED1192 /* Debug */ = {
			isa = XCBuildConfiguration;
			buildSettings = {
				ALWAYS_EMBED_SWIFT_STANDARD_LIBRARIES = YES;
				ASSETCATALOG_COMPILER_APPICON_NAME = AppIcon;
				ASSETCATALOG_COMPILER_GLOBAL_ACCENT_COLOR_NAME = AccentColor;
				CODE_SIGN_ENTITLEMENTS = ProjectAlpha/ProjectAlpha.entitlements;
				CODE_SIGN_STYLE = Automatic;
				CURRENT_PROJECT_VERSION = 1;
				DEVELOPMENT_ASSET_PATHS = "\"ProjectAlpha/Preview Content\"";
				DEVELOPMENT_TEAM = WB46CA9337;
				ENABLE_PREVIEWS = YES;
				GENERATE_INFOPLIST_FILE = YES;
				INFOPLIST_FILE = ProjectAlpha/Info.plist;
				INFOPLIST_KEY_NSCameraUsageDescription = "ProjectAlpha Needs Camera Access to Document Scan a Receipt";
				INFOPLIST_KEY_NSPhotoLibraryAddUsageDescription = "ProjectAlpha Needs permission to store the scanned receipt into your photo library";
				INFOPLIST_KEY_UIApplicationSceneManifest_Generation = YES;
				INFOPLIST_KEY_UIApplicationSupportsIndirectInputEvents = YES;
				INFOPLIST_KEY_UILaunchScreen_Generation = YES;
				INFOPLIST_KEY_UISupportedInterfaceOrientations_iPad = "UIInterfaceOrientationPortrait UIInterfaceOrientationPortraitUpsideDown UIInterfaceOrientationLandscapeLeft UIInterfaceOrientationLandscapeRight";
				INFOPLIST_KEY_UISupportedInterfaceOrientations_iPhone = "UIInterfaceOrientationPortrait UIInterfaceOrientationLandscapeLeft UIInterfaceOrientationLandscapeRight";
				LD_RUNPATH_SEARCH_PATHS = (
					"$(inherited)",
					"@executable_path/Frameworks",
				);
				MARKETING_VERSION = 1.0;
				PRODUCT_BUNDLE_IDENTIFIER = com.ans.ProjectAlpha;
				PRODUCT_NAME = "$(TARGET_NAME)";
				SWIFT_EMIT_LOC_STRINGS = YES;
				SWIFT_VERSION = 5.0;
				TARGETED_DEVICE_FAMILY = "1,2";
			};
			name = Debug;
		};
		3D5657B52A6425FA00ED1192 /* Release */ = {
			isa = XCBuildConfiguration;
			buildSettings = {
				ALWAYS_EMBED_SWIFT_STANDARD_LIBRARIES = YES;
				ASSETCATALOG_COMPILER_APPICON_NAME = AppIcon;
				ASSETCATALOG_COMPILER_GLOBAL_ACCENT_COLOR_NAME = AccentColor;
				CODE_SIGN_ENTITLEMENTS = ProjectAlpha/ProjectAlpha.entitlements;
				CODE_SIGN_STYLE = Automatic;
				CURRENT_PROJECT_VERSION = 1;
				DEVELOPMENT_ASSET_PATHS = "\"ProjectAlpha/Preview Content\"";
				DEVELOPMENT_TEAM = 4B859T7ZS6;
				ENABLE_PREVIEWS = YES;
				GENERATE_INFOPLIST_FILE = YES;
				INFOPLIST_FILE = ProjectAlpha/Info.plist;
				INFOPLIST_KEY_NSCameraUsageDescription = "ProjectAlpha Needs Camera Access to Document Scan a Receipt";
				INFOPLIST_KEY_NSPhotoLibraryAddUsageDescription = "ProjectAlpha Needs permission to store the scanned receipt into your photo library";
				INFOPLIST_KEY_UIApplicationSceneManifest_Generation = YES;
				INFOPLIST_KEY_UIApplicationSupportsIndirectInputEvents = YES;
				INFOPLIST_KEY_UILaunchScreen_Generation = YES;
				INFOPLIST_KEY_UISupportedInterfaceOrientations_iPad = "UIInterfaceOrientationPortrait UIInterfaceOrientationPortraitUpsideDown UIInterfaceOrientationLandscapeLeft UIInterfaceOrientationLandscapeRight";
				INFOPLIST_KEY_UISupportedInterfaceOrientations_iPhone = "UIInterfaceOrientationPortrait UIInterfaceOrientationLandscapeLeft UIInterfaceOrientationLandscapeRight";
				LD_RUNPATH_SEARCH_PATHS = (
					"$(inherited)",
					"@executable_path/Frameworks",
				);
				MARKETING_VERSION = 1.0;
				PRODUCT_BUNDLE_IDENTIFIER = com.ans.ProjectAlpha;
				PRODUCT_NAME = "$(TARGET_NAME)";
				SWIFT_EMIT_LOC_STRINGS = YES;
				SWIFT_VERSION = 5.0;
				TARGETED_DEVICE_FAMILY = "1,2";
			};
			name = Release;
		};
		3DA71EAC2A66D9E900D9EEC4 /* Debug */ = {
			isa = XCBuildConfiguration;
			buildSettings = {
				ASSETCATALOG_COMPILER_GLOBAL_ACCENT_COLOR_NAME = AccentColor;
				ASSETCATALOG_COMPILER_WIDGET_BACKGROUND_COLOR_NAME = WidgetBackground;
				CODE_SIGN_ENTITLEMENTS = LockScreenWidgetExtension.entitlements;
				CODE_SIGN_STYLE = Automatic;
				CURRENT_PROJECT_VERSION = 1;
				DEVELOPMENT_TEAM = 4B859T7ZS6;
				GENERATE_INFOPLIST_FILE = YES;
				INFOPLIST_FILE = LockScreenWidget/Info.plist;
				INFOPLIST_KEY_CFBundleDisplayName = LockScreenWidget;
				INFOPLIST_KEY_NSHumanReadableCopyright = "";
				LD_RUNPATH_SEARCH_PATHS = (
					"$(inherited)",
					"@executable_path/Frameworks",
					"@executable_path/../../Frameworks",
				);
				MARKETING_VERSION = 1.0;
				PRODUCT_BUNDLE_IDENTIFIER = com.ans.ProjectAlpha.LockScreenWidget;
				PRODUCT_NAME = "$(TARGET_NAME)";
				SKIP_INSTALL = YES;
				SWIFT_EMIT_LOC_STRINGS = YES;
				SWIFT_VERSION = 5.0;
				TARGETED_DEVICE_FAMILY = "1,2";
			};
			name = Debug;
		};
		3DA71EAD2A66D9E900D9EEC4 /* Release */ = {
			isa = XCBuildConfiguration;
			buildSettings = {
				ASSETCATALOG_COMPILER_GLOBAL_ACCENT_COLOR_NAME = AccentColor;
				ASSETCATALOG_COMPILER_WIDGET_BACKGROUND_COLOR_NAME = WidgetBackground;
				CODE_SIGN_ENTITLEMENTS = LockScreenWidgetExtension.entitlements;
				CODE_SIGN_STYLE = Automatic;
				CURRENT_PROJECT_VERSION = 1;
				DEVELOPMENT_TEAM = 4B859T7ZS6;
				GENERATE_INFOPLIST_FILE = YES;
				INFOPLIST_FILE = LockScreenWidget/Info.plist;
				INFOPLIST_KEY_CFBundleDisplayName = LockScreenWidget;
				INFOPLIST_KEY_NSHumanReadableCopyright = "";
				LD_RUNPATH_SEARCH_PATHS = (
					"$(inherited)",
					"@executable_path/Frameworks",
					"@executable_path/../../Frameworks",
				);
				MARKETING_VERSION = 1.0;
				PRODUCT_BUNDLE_IDENTIFIER = com.ans.ProjectAlpha.LockScreenWidget;
				PRODUCT_NAME = "$(TARGET_NAME)";
				SKIP_INSTALL = YES;
				SWIFT_EMIT_LOC_STRINGS = YES;
				SWIFT_VERSION = 5.0;
				TARGETED_DEVICE_FAMILY = "1,2";
			};
			name = Release;
		};
/* End XCBuildConfiguration section */

/* Begin XCConfigurationList section */
		3D5657A02A6425F900ED1192 /* Build configuration list for PBXProject "ProjectAlpha" */ = {
			isa = XCConfigurationList;
			buildConfigurations = (
				3D5657B12A6425FA00ED1192 /* Debug */,
				3D5657B22A6425FA00ED1192 /* Release */,
			);
			defaultConfigurationIsVisible = 0;
			defaultConfigurationName = Release;
		};
		3D5657B32A6425FA00ED1192 /* Build configuration list for PBXNativeTarget "ProjectAlpha" */ = {
			isa = XCConfigurationList;
			buildConfigurations = (
				3D5657B42A6425FA00ED1192 /* Debug */,
				3D5657B52A6425FA00ED1192 /* Release */,
			);
			defaultConfigurationIsVisible = 0;
			defaultConfigurationName = Release;
		};
		3DA71EAB2A66D9E900D9EEC4 /* Build configuration list for PBXNativeTarget "LockScreenWidgetExtension" */ = {
			isa = XCConfigurationList;
			buildConfigurations = (
				3DA71EAC2A66D9E900D9EEC4 /* Debug */,
				3DA71EAD2A66D9E900D9EEC4 /* Release */,
			);
			defaultConfigurationIsVisible = 0;
			defaultConfigurationName = Release;
		};
/* End XCConfigurationList section */
	};
	rootObject = 3D56579D2A6425F900ED1192 /* Project object */;
}
